
Microsoft Visual Studio Solution File, Format Version 12.00
# Visual Studio Version 16
VisualStudioVersion = 16.0.34114.132
MinimumVisualStudioVersion = 10.0.40219.1
Project("{FAE04EC0-301F-11D3-BF4B-00C04F79EFBC}") = "WebBanSach_62133314", "WebBanSach_62133314\WebBanSach_62133314.csproj", "{141F1240-ADD0-4B05-AACE-03F6C3277902}"
EndProject
Global
	GlobalSection(SolutionConfigurationPlatforms) = preSolution
		Debug|Any CPU = Debug|Any CPU
		Release|Any CPU = Release|Any CPU
	EndGlobalSection
	GlobalSection(ProjectConfigurationPlatforms) = postSolution
		{141F1240-ADD0-4B05-AACE-03F6C3277902}.Debug|Any CPU.ActiveCfg = Debug|Any CPU
		{141F1240-ADD0-4B05-AACE-03F6C3277902}.Debug|Any CPU.Build.0 = Debug|Any CPU
		{141F1240-ADD0-4B05-AACE-03F6C3277902}.Release|Any CPU.ActiveCfg = Release|Any CPU
		{141F1240-ADD0-4B05-AACE-03F6C3277902}.Release|Any CPU.Build.0 = Release|Any CPU
	EndGlobalSection
	GlobalSection(SolutionProperties) = preSolution
		HideSolutionNode = FALSE
	EndGlobalSection
	GlobalSection(ExtensibilityGlobals) = postSolution
		SolutionGuid = {31A76A8B-FA9A-49CF-9BD0-3DA98E6CC8CF}
	EndGlobalSection
EndGlobal
